
Microsoft Visual Studio Solution File, Format Version 12.00
# Visual Studio 2013
VisualStudioVersion = 12.0.31101.0
MinimumVisualStudioVersion = 10.0.40219.1
Project("{FAE04EC0-301F-11D3-BF4B-00C04F79EFBC}") = "PuTTY Tunnel Manager", "TunnelManager\PuTTY Tunnel Manager.csproj", "{45EC6417-C87F-46FD-9E53-CC520B10B9CD}"
EndProject
Global
	GlobalSection(SolutionConfigurationPlatforms) = preSolution
		Debug|Any CPU = Debug|Any CPU
		Release|Any CPU = Release|Any CPU
	EndGlobalSection
	GlobalSection(ProjectConfigurationPlatforms) = postSolution
		{45EC6417-C87F-46FD-9E53-CC520B10B9CD}.Debug|Any CPU.ActiveCfg = Debug|Any CPU
		{45EC6417-C87F-46FD-9E53-CC520B10B9CD}.Debug|Any CPU.Build.0 = Debug|Any CPU
		{45EC6417-C87F-46FD-9E53-CC520B10B9CD}.Release|Any CPU.ActiveCfg = Release|Any CPU
		{45EC6417-C87F-46FD-9E53-CC520B10B9CD}.Release|Any CPU.Build.0 = Release|Any CPU
	EndGlobalSection
	GlobalSection(SolutionProperties) = preSolution
		HideSolutionNode = FALSE
	EndGlobalSection
	GlobalSection(CodealikeProperties) = postSolution
		SolutionGuid = 043992f3-492d-4e38-8570-de9891e62712
	EndGlobalSection
EndGlobal
